
Microsoft Visual Studio Solution File, Format Version 12.00
# Visual Studio Version 16
VisualStudioVersion = 16.0.34301.259
MinimumVisualStudioVersion = 10.0.40219.1
Project("{FAE04EC0-301F-11D3-BF4B-00C04F79EFBC}") = "SportInvent", "SportInvent\SportInvent.csproj", "{0F337303-DA2E-4E35-B21E-0C14B5F771E1}"
EndProject
Global
	GlobalSection(SolutionConfigurationPlatforms) = preSolution
		Debug|Any CPU = Debug|Any CPU
		Release|Any CPU = Release|Any CPU
	EndGlobalSection
	GlobalSection(ProjectConfigurationPlatforms) = postSolution
		{0F337303-DA2E-4E35-B21E-0C14B5F771E1}.Debug|Any CPU.ActiveCfg = Debug|Any CPU
		{0F337303-DA2E-4E35-B21E-0C14B5F771E1}.Debug|Any CPU.Build.0 = Debug|Any CPU
		{0F337303-DA2E-4E35-B21E-0C14B5F771E1}.Release|Any CPU.ActiveCfg = Release|Any CPU
		{0F337303-DA2E-4E35-B21E-0C14B5F771E1}.Release|Any CPU.Build.0 = Release|Any CPU
	EndGlobalSection
	GlobalSection(SolutionProperties) = preSolution
		HideSolutionNode = FALSE
	EndGlobalSection
	GlobalSection(ExtensibilityGlobals) = postSolution
		SolutionGuid = {9A79061F-6464-4453-BC08-55F718C83F34}
	EndGlobalSection
EndGlobal
